
Microsoft Visual Studio Solution File, Format Version 12.00
# Visual Studio 2013
VisualStudioVersion = 12.0.21005.1
MinimumVisualStudioVersion = 10.0.40219.1
Project("{FAE04EC0-301F-11D3-BF4B-00C04F79EFBC}") = "CSLauncher", "CSLauncher.csproj", "{0D2D3B3D-5596-4ECA-AC94-BBB9DFFE42D3}"
EndProject
Global
	GlobalSection(SolutionConfigurationPlatforms) = preSolution
		Debug|x86 = Debug|x86
		Release|x86 = Release|x86
	EndGlobalSection
	GlobalSection(ProjectConfigurationPlatforms) = postSolution
		{0D2D3B3D-5596-4ECA-AC94-BBB9DFFE42D3}.Debug|x86.ActiveCfg = Debug|x86
		{0D2D3B3D-5596-4ECA-AC94-BBB9DFFE42D3}.Debug|x86.Build.0 = Debug|x86
		{0D2D3B3D-5596-4ECA-AC94-BBB9DFFE42D3}.Release|x86.ActiveCfg = Release|x86
		{0D2D3B3D-5596-4ECA-AC94-BBB9DFFE42D3}.Release|x86.Build.0 = Release|x86
	EndGlobalSection
	GlobalSection(SolutionProperties) = preSolution
		HideSolutionNode = FALSE
	EndGlobalSection
EndGlobal
